
Microsoft Visual Studio Solution File, Format Version 12.00
# Visual Studio Version 17
VisualStudioVersion = 17.8.34511.84
MinimumVisualStudioVersion = 10.0.40219.1
Project("{9A19103F-16F7-4668-BE54-9A1E7A4F7556}") = "HtmlToOpenXml", "src\Html2OpenXml\HtmlToOpenXml.csproj", "{EF700F30-C9BB-49A6-912C-E3B77857B514}"
EndProject
Project("{2150E333-8FDC-42A3-9474-1A3956D46DE8}") = "src", "src", "{58520A98-BA53-4BA4-AAE3-786AA21331D6}"
EndProject
Project("{2150E333-8FDC-42A3-9474-1A3956D46DE8}") = "test", "test", "{84EA02ED-2E97-47D2-992E-32CC104A3A7A}"
EndProject
Project("{9A19103F-16F7-4668-BE54-9A1E7A4F7556}") = "Demo", "examples\Demo\Demo.csproj", "{A1ECC760-B9F7-4A00-AF5F-568B5FD6F09F}"
EndProject
Project("{9A19103F-16F7-4668-BE54-9A1E7A4F7556}") = "HtmlToOpenXml.Tests", "test\HtmlToOpenXml.Tests\HtmlToOpenXml.Tests.csproj", "{CA0A68E0-45A0-4A01-A061-F951D93D6906}"
EndProject
Global
    GlobalSection(SolutionConfigurationPlatforms) = preSolution
        Debug|Any CPU = Debug|Any CPU
        Release|Any CPU = Release|Any CPU
    EndGlobalSection
    GlobalSection(ProjectConfigurationPlatforms) = postSolution
        {EF700F30-C9BB-49A6-912C-E3B77857B514}.Debug|Any CPU.ActiveCfg = Debug|Any CPU
        {EF700F30-C9BB-49A6-912C-E3B77857B514}.Debug|Any CPU.Build.0 = Debug|Any CPU
        {EF700F30-C9BB-49A6-912C-E3B77857B514}.Release|Any CPU.ActiveCfg = Release|Any CPU
        {EF700F30-C9BB-49A6-912C-E3B77857B514}.Release|Any CPU.Build.0 = Release|Any CPU
        {A1ECC760-B9F7-4A00-AF5F-568B5FD6F09F}.Debug|Any CPU.ActiveCfg = Debug|Any CPU
        {A1ECC760-B9F7-4A00-AF5F-568B5FD6F09F}.Debug|Any CPU.Build.0 = Debug|Any CPU
        {A1ECC760-B9F7-4A00-AF5F-568B5FD6F09F}.Release|Any CPU.ActiveCfg = Release|Any CPU
        {A1ECC760-B9F7-4A00-AF5F-568B5FD6F09F}.Release|Any CPU.Build.0 = Release|Any CPU
        {CA0A68E0-45A0-4A01-A061-F951D93D6906}.Debug|Any CPU.ActiveCfg = Debug|Any CPU
        {CA0A68E0-45A0-4A01-A061-F951D93D6906}.Debug|Any CPU.Build.0 = Debug|Any CPU
        {CA0A68E0-45A0-4A01-A061-F951D93D6906}.Release|Any CPU.ActiveCfg = Release|Any CPU
        {CA0A68E0-45A0-4A01-A061-F951D93D6906}.Release|Any CPU.Build.0 = Release|Any CPU
    EndGlobalSection
    GlobalSection(SolutionProperties) = preSolution
        HideSolutionNode = FALSE
    EndGlobalSection
    GlobalSection(NestedProjects) = preSolution
        {EF700F30-C9BB-49A6-912C-E3B77857B514} = {58520A98-BA53-4BA4-AAE3-786AA21331D6}
        {A1ECC760-B9F7-4A00-AF5F-568B5FD6F09F} = {84EA02ED-2E97-47D2-992E-32CC104A3A7A}
        {CA0A68E0-45A0-4A01-A061-F951D93D6906} = {84EA02ED-2E97-47D2-992E-32CC104A3A7A}
    EndGlobalSection
    GlobalSection(ExtensibilityGlobals) = postSolution
        SolutionGuid = {14EE1026-6507-4295-9FEE-67A55C3849CE}
    EndGlobalSection
EndGlobal
