
Microsoft Visual Studio Solution File, Format Version 11.00
# Visual Studio 2010
Project("{FAE04EC0-301F-11D3-BF4B-00C04F79EFBC}") = "Demo", "Demo\Demo.csproj", "{A1ECC760-B9F7-4A00-AF5F-568B5FD6F09F}"
EndProject
Project("{FAE04EC0-301F-11D3-BF4B-00C04F79EFBC}") = "HtmlToOpenXml", "Trunk\HtmlToOpenXml.csproj", "{EF700F30-C9BB-49A6-912C-E3B77857B514}"
EndProject
Global
	GlobalSection(TeamFoundationVersionControl) = preSolution
		SccNumberOfProjects = 3
		SccEnterpriseProvider = {4CA58AB2-18FA-4F8D-95D4-32DDF27D184C}
		SccTeamFoundationServer = https://tfs.codeplex.com/tfs/tfs08
		SccProjectUniqueName0 = Trunk\\HtmlToOpenXml.csproj
		SccProjectName0 = Trunk
		SccLocalPath0 = Trunk
		SccLocalPath1 = .
		SccProjectUniqueName2 = Demo\\Demo.csproj
		SccProjectName2 = Demo
		SccLocalPath2 = Demo
	EndGlobalSection
	GlobalSection(SolutionConfigurationPlatforms) = preSolution
		Debug|Any CPU = Debug|Any CPU
		Release|Any CPU = Release|Any CPU
	EndGlobalSection
	GlobalSection(ProjectConfigurationPlatforms) = postSolution
		{A1ECC760-B9F7-4A00-AF5F-568B5FD6F09F}.Debug|Any CPU.ActiveCfg = Debug|Any CPU
		{A1ECC760-B9F7-4A00-AF5F-568B5FD6F09F}.Debug|Any CPU.Build.0 = Debug|Any CPU
		{A1ECC760-B9F7-4A00-AF5F-568B5FD6F09F}.Release|Any CPU.ActiveCfg = Release|Any CPU
		{A1ECC760-B9F7-4A00-AF5F-568B5FD6F09F}.Release|Any CPU.Build.0 = Release|Any CPU
		{EF700F30-C9BB-49A6-912C-E3B77857B514}.Debug|Any CPU.ActiveCfg = Debug|Any CPU
		{EF700F30-C9BB-49A6-912C-E3B77857B514}.Debug|Any CPU.Build.0 = Debug|Any CPU
		{EF700F30-C9BB-49A6-912C-E3B77857B514}.Release|Any CPU.ActiveCfg = Release|Any CPU
		{EF700F30-C9BB-49A6-912C-E3B77857B514}.Release|Any CPU.Build.0 = Release|Any CPU
	EndGlobalSection
	GlobalSection(SolutionProperties) = preSolution
		HideSolutionNode = FALSE
	EndGlobalSection
EndGlobal
